// !$*UTF8*$!
{
	archiveVersion = 1;
	classes = {
	};
	objectVersion = 46;
	objects = {

/* Begin PBXBuildFile section */
		C029279719E823E2006AEE43 /* main.m in Sources */ = {isa = PBXBuildFile; fileRef = C029279619E823E2006AEE43 /* main.m */; };
		C029279A19E823E2006AEE43 /* AppDelegate.m in Sources */ = {isa = PBXBuildFile; fileRef = C029279919E823E2006AEE43 /* AppDelegate.m */; };
		C029279D19E823E2006AEE43 /* ViewController.m in Sources */ = {isa = PBXBuildFile; fileRef = C029279C19E823E2006AEE43 /* ViewController.m */; };
		C02927A219E823E2006AEE43 /* Images.xcassets in Resources */ = {isa = PBXBuildFile; fileRef = C02927A119E823E2006AEE43 /* Images.xcassets */; };
		C02927C119E825A5006AEE43 /* GrowthKitTests.m in Sources */ = {isa = PBXBuildFile; fileRef = C02927C019E825A5006AEE43 /* GrowthKitTests.m */; };
/* End PBXBuildFile section */

/* Begin PBXFileReference section */
		C029279119E823E2006AEE43 /* DemoApp.app */ = {isa = PBXFileReference; explicitFileType = wrapper.application; includeInIndex = 0; path = DemoApp.app; sourceTree = BUILT_PRODUCTS_DIR; };
		C029279519E823E2006AEE43 /* Info.plist */ = {isa = PBXFileReference; lastKnownFileType = text.plist.xml; path = Info.plist; sourceTree = "<group>"; };
		C029279619E823E2006AEE43 /* main.m */ = {isa = PBXFileReference; lastKnownFileType = sourcecode.c.objc; path = main.m; sourceTree = "<group>"; };
		C029279819E823E2006AEE43 /* AppDelegate.h */ = {isa = PBXFileReference; lastKnownFileType = sourcecode.c.h; path = AppDelegate.h; sourceTree = "<group>"; };
		C029279919E823E2006AEE43 /* AppDelegate.m */ = {isa = PBXFileReference; lastKnownFileType = sourcecode.c.objc; path = AppDelegate.m; sourceTree = "<group>"; };
		C029279B19E823E2006AEE43 /* ViewController.h */ = {isa = PBXFileReference; lastKnownFileType = sourcecode.c.h; path = ViewController.h; sourceTree = "<group>"; };
		C029279C19E823E2006AEE43 /* ViewController.m */ = {isa = PBXFileReference; lastKnownFileType = sourcecode.c.objc; path = ViewController.m; sourceTree = "<group>"; };
		C02927A119E823E2006AEE43 /* Images.xcassets */ = {isa = PBXFileReference; lastKnownFileType = folder.assetcatalog; path = Images.xcassets; sourceTree = "<group>"; };
		C02927AF19E823E2006AEE43 /* Info.plist */ = {isa = PBXFileReference; lastKnownFileType = text.plist.xml; path = Info.plist; sourceTree = "<group>"; };
		C02927B019E823E2006AEE43 /* DemoAppTests.m */ = {isa = PBXFileReference; lastKnownFileType = sourcecode.c.objc; path = DemoAppTests.m; sourceTree = "<group>"; };
		C02927BC19E825A5006AEE43 /* GrowthKitTests.xctest */ = {isa = PBXFileReference; explicitFileType = wrapper.cfbundle; includeInIndex = 0; path = GrowthKitTests.xctest; sourceTree = BUILT_PRODUCTS_DIR; };
		C02927BF19E825A5006AEE43 /* Info.plist */ = {isa = PBXFileReference; lastKnownFileType = text.plist.xml; path = Info.plist; sourceTree = "<group>"; };
		C02927C019E825A5006AEE43 /* GrowthKitTests.m */ = {isa = PBXFileReference; lastKnownFileType = sourcecode.c.objc; path = GrowthKitTests.m; sourceTree = "<group>"; };
/* End PBXFileReference section */

/* Begin PBXFrameworksBuildPhase section */
		C029278E19E823E2006AEE43 /* Frameworks */ = {
			isa = PBXFrameworksBuildPhase;
			buildActionMask = 2147483647;
			files = (
			);
			runOnlyForDeploymentPostprocessing = 0;
		};
		C02927B919E825A5006AEE43 /* Frameworks */ = {
			isa = PBXFrameworksBuildPhase;
			buildActionMask = 2147483647;
			files = (
			);
			runOnlyForDeploymentPostprocessing = 0;
		};
/* End PBXFrameworksBuildPhase section */

/* Begin PBXGroup section */
		C029277819E8217E006AEE43 = {
			isa = PBXGroup;
			children = (
				C029278919E8224C006AEE43 /* GrowthKit */,
				C029278A19E82252006AEE43 /* GrowthKitTests */,
				C029279319E823E2006AEE43 /* DemoApp */,
				C02927AD19E823E2006AEE43 /* DemoAppTests */,
				C02927BD19E825A5006AEE43 /* GrowthKitTests */,
				C029279219E823E2006AEE43 /* Products */,
			);
			sourceTree = "<group>";
		};
		C029278919E8224C006AEE43 /* GrowthKit */ = {
			isa = PBXGroup;
			children = (
			);
			name = GrowthKit;
			sourceTree = "<group>";
		};
		C029278A19E82252006AEE43 /* GrowthKitTests */ = {
			isa = PBXGroup;
			children = (
			);
			name = GrowthKitTests;
			sourceTree = "<group>";
		};
		C029279219E823E2006AEE43 /* Products */ = {
			isa = PBXGroup;
			children = (
				C029279119E823E2006AEE43 /* DemoApp.app */,
				C02927BC19E825A5006AEE43 /* GrowthKitTests.xctest */,
			);
			name = Products;
			sourceTree = "<group>";
		};
		C029279319E823E2006AEE43 /* DemoApp */ = {
			isa = PBXGroup;
			children = (
				C029279819E823E2006AEE43 /* AppDelegate.h */,
				C029279919E823E2006AEE43 /* AppDelegate.m */,
				C029279B19E823E2006AEE43 /* ViewController.h */,
				C029279C19E823E2006AEE43 /* ViewController.m */,
				C02927A119E823E2006AEE43 /* Images.xcassets */,
				C029279419E823E2006AEE43 /* Supporting Files */,
			);
			path = DemoApp;
			sourceTree = "<group>";
		};
		C029279419E823E2006AEE43 /* Supporting Files */ = {
			isa = PBXGroup;
			children = (
				C029279519E823E2006AEE43 /* Info.plist */,
				C029279619E823E2006AEE43 /* main.m */,
			);
			name = "Supporting Files";
			sourceTree = "<group>";
		};
		C02927AD19E823E2006AEE43 /* DemoAppTests */ = {
			isa = PBXGroup;
			children = (
				C02927B019E823E2006AEE43 /* DemoAppTests.m */,
				C02927AE19E823E2006AEE43 /* Supporting Files */,
			);
			path = DemoAppTests;
			sourceTree = "<group>";
		};
		C02927AE19E823E2006AEE43 /* Supporting Files */ = {
			isa = PBXGroup;
			children = (
				C02927AF19E823E2006AEE43 /* Info.plist */,
			);
			name = "Supporting Files";
			sourceTree = "<group>";
		};
		C02927BD19E825A5006AEE43 /* GrowthKitTests */ = {
			isa = PBXGroup;
			children = (
				C02927C019E825A5006AEE43 /* GrowthKitTests.m */,
				C02927BE19E825A5006AEE43 /* Supporting Files */,
			);
			path = GrowthKitTests;
			sourceTree = "<group>";
		};
		C02927BE19E825A5006AEE43 /* Supporting Files */ = {
			isa = PBXGroup;
			children = (
				C02927BF19E825A5006AEE43 /* Info.plist */,
			);
			name = "Supporting Files";
			sourceTree = "<group>";
		};
/* End PBXGroup section */

/* Begin PBXNativeTarget section */
		C029279019E823E2006AEE43 /* DemoApp */ = {
			isa = PBXNativeTarget;
			buildConfigurationList = C02927B219E823E2006AEE43 /* Build configuration list for PBXNativeTarget "DemoApp" */;
			buildPhases = (
				C029278D19E823E2006AEE43 /* Sources */,
				C029278E19E823E2006AEE43 /* Frameworks */,
				C029278F19E823E2006AEE43 /* Resources */,
			);
			buildRules = (
			);
			dependencies = (
			);
			name = DemoApp;
			productName = DemoApp;
			productReference = C029279119E823E2006AEE43 /* DemoApp.app */;
			productType = "com.apple.product-type.application";
		};
		C02927BB19E825A5006AEE43 /* GrowthKitTests */ = {
			isa = PBXNativeTarget;
			buildConfigurationList = C02927C219E825A5006AEE43 /* Build configuration list for PBXNativeTarget "GrowthKitTests" */;
			buildPhases = (
				C02927B819E825A5006AEE43 /* Sources */,
				C02927B919E825A5006AEE43 /* Frameworks */,
				C02927BA19E825A5006AEE43 /* Resources */,
			);
			buildRules = (
			);
			dependencies = (
			);
			name = GrowthKitTests;
			productName = GrowthKitTests;
			productReference = C02927BC19E825A5006AEE43 /* GrowthKitTests.xctest */;
			productType = "com.apple.product-type.bundle.unit-test";
		};
/* End PBXNativeTarget section */

/* Begin PBXProject section */
		C029277919E8217E006AEE43 /* Project object */ = {
			isa = PBXProject;
			attributes = {
				LastUpgradeCheck = 0600;
				TargetAttributes = {
					C029279019E823E2006AEE43 = {
						CreatedOnToolsVersion = 6.0.1;
					};
					C02927BB19E825A5006AEE43 = {
						CreatedOnToolsVersion = 6.0.1;
					};
				};
			};
			buildConfigurationList = C029277C19E8217E006AEE43 /* Build configuration list for PBXProject "GrowthKit" */;
			compatibilityVersion = "Xcode 3.2";
			developmentRegion = English;
			hasScannedForEncodings = 0;
			knownRegions = (
				en,
				Base,
			);
			mainGroup = C029277819E8217E006AEE43;
			productRefGroup = C029279219E823E2006AEE43 /* Products */;
			projectDirPath = "";
			projectRoot = "";
			targets = (
				C029279019E823E2006AEE43 /* DemoApp */,
				C02927BB19E825A5006AEE43 /* GrowthKitTests */,
			);
		};
/* End PBXProject section */

/* Begin PBXResourcesBuildPhase section */
		C029278F19E823E2006AEE43 /* Resources */ = {
			isa = PBXResourcesBuildPhase;
			buildActionMask = 2147483647;
			files = (
				C02927A219E823E2006AEE43 /* Images.xcassets in Resources */,
			);
			runOnlyForDeploymentPostprocessing = 0;
		};
		C02927BA19E825A5006AEE43 /* Resources */ = {
			isa = PBXResourcesBuildPhase;
			buildActionMask = 2147483647;
			files = (
			);
			runOnlyForDeploymentPostprocessing = 0;
		};
/* End PBXResourcesBuildPhase section */

/* Begin PBXSourcesBuildPhase section */
		C029278D19E823E2006AEE43 /* Sources */ = {
			isa = PBXSourcesBuildPhase;
			buildActionMask = 2147483647;
			files = (
				C029279D19E823E2006AEE43 /* ViewController.m in Sources */,
				C029279A19E823E2006AEE43 /* AppDelegate.m in Sources */,
				C029279719E823E2006AEE43 /* main.m in Sources */,
			);
			runOnlyForDeploymentPostprocessing = 0;
		};
		C02927B819E825A5006AEE43 /* Sources */ = {
			isa = PBXSourcesBuildPhase;
			buildActionMask = 2147483647;
			files = (
				C02927C119E825A5006AEE43 /* GrowthKitTests.m in Sources */,
			);
			runOnlyForDeploymentPostprocessing = 0;
		};
/* End PBXSourcesBuildPhase section */

/* Begin XCBuildConfiguration section */
		C029277D19E8217E006AEE43 /* Debug */ = {
			isa = XCBuildConfiguration;
			buildSettings = {
			};
			name = Debug;
		};
		C029277E19E8217E006AEE43 /* Release */ = {
			isa = XCBuildConfiguration;
			buildSettings = {
			};
			name = Release;
		};
		C02927B319E823E2006AEE43 /* Debug */ = {
			isa = XCBuildConfiguration;
			buildSettings = {
				ALWAYS_SEARCH_USER_PATHS = NO;
				ASSETCATALOG_COMPILER_APPICON_NAME = AppIcon;
				CLANG_CXX_LANGUAGE_STANDARD = "gnu++0x";
				CLANG_CXX_LIBRARY = "libc++";
				CLANG_ENABLE_MODULES = YES;
				CLANG_ENABLE_OBJC_ARC = YES;
				CLANG_WARN_BOOL_CONVERSION = YES;
				CLANG_WARN_CONSTANT_CONVERSION = YES;
				CLANG_WARN_DIRECT_OBJC_ISA_USAGE = YES_ERROR;
				CLANG_WARN_EMPTY_BODY = YES;
				CLANG_WARN_ENUM_CONVERSION = YES;
				CLANG_WARN_INT_CONVERSION = YES;
				CLANG_WARN_OBJC_ROOT_CLASS = YES_ERROR;
				CLANG_WARN_UNREACHABLE_CODE = YES;
				CLANG_WARN__DUPLICATE_METHOD_MATCH = YES;
				"CODE_SIGN_IDENTITY[sdk=iphoneos*]" = "iPhone Developer";
				COPY_PHASE_STRIP = NO;
				ENABLE_STRICT_OBJC_MSGSEND = YES;
				GCC_C_LANGUAGE_STANDARD = gnu99;
				GCC_DYNAMIC_NO_PIC = NO;
				GCC_OPTIMIZATION_LEVEL = 0;
				GCC_PREPROCESSOR_DEFINITIONS = (
					"DEBUG=1",
					"$(inherited)",
				);
				GCC_SYMBOLS_PRIVATE_EXTERN = NO;
				GCC_WARN_64_TO_32_BIT_CONVERSION = YES;
				GCC_WARN_ABOUT_RETURN_TYPE = YES_ERROR;
				GCC_WARN_UNDECLARED_SELECTOR = YES;
				GCC_WARN_UNINITIALIZED_AUTOS = YES_AGGRESSIVE;
				GCC_WARN_UNUSED_FUNCTION = YES;
				GCC_WARN_UNUSED_VARIABLE = YES;
				INFOPLIST_FILE = DemoApp/Info.plist;
				IPHONEOS_DEPLOYMENT_TARGET = 8.0;
				LD_RUNPATH_SEARCH_PATHS = "$(inherited) @executable_path/Frameworks";
				MTL_ENABLE_DEBUG_INFO = YES;
				ONLY_ACTIVE_ARCH = YES;
				PRODUCT_NAME = "$(TARGET_NAME)";
				SDKROOT = iphoneos;
			};
			name = Debug;
		};
		C02927B419E823E2006AEE43 /* Release */ = {
			isa = XCBuildConfiguration;
			buildSettings = {
				ALWAYS_SEARCH_USER_PATHS = NO;
				ASSETCATALOG_COMPILER_APPICON_NAME = AppIcon;
				CLANG_CXX_LANGUAGE_STANDARD = "gnu++0x";
				CLANG_CXX_LIBRARY = "libc++";
				CLANG_ENABLE_MODULES = YES;
				CLANG_ENABLE_OBJC_ARC = YES;
				CLANG_WARN_BOOL_CONVERSION = YES;
				CLANG_WARN_CONSTANT_CONVERSION = YES;
				CLANG_WARN_DIRECT_OBJC_ISA_USAGE = YES_ERROR;
				CLANG_WARN_EMPTY_BODY = YES;
				CLANG_WARN_ENUM_CONVERSION = YES;
				CLANG_WARN_INT_CONVERSION = YES;
				CLANG_WARN_OBJC_ROOT_CLASS = YES_ERROR;
				CLANG_WARN_UNREACHABLE_CODE = YES;
				CLANG_WARN__DUPLICATE_METHOD_MATCH = YES;
				"CODE_SIGN_IDENTITY[sdk=iphoneos*]" = "iPhone Developer";
				COPY_PHASE_STRIP = YES;
				ENABLE_NS_ASSERTIONS = NO;
				ENABLE_STRICT_OBJC_MSGSEND = YES;
				GCC_C_LANGUAGE_STANDARD = gnu99;
				GCC_WARN_64_TO_32_BIT_CONVERSION = YES;
				GCC_WARN_ABOUT_RETURN_TYPE = YES_ERROR;
				GCC_WARN_UNDECLARED_SELECTOR = YES;
				GCC_WARN_UNINITIALIZED_AUTOS = YES_AGGRESSIVE;
				GCC_WARN_UNUSED_FUNCTION = YES;
				GCC_WARN_UNUSED_VARIABLE = YES;
				INFOPLIST_FILE = DemoApp/Info.plist;
				IPHONEOS_DEPLOYMENT_TARGET = 8.0;
				LD_RUNPATH_SEARCH_PATHS = "$(inherited) @executable_path/Frameworks";
				MTL_ENABLE_DEBUG_INFO = NO;
				PRODUCT_NAME = "$(TARGET_NAME)";
				SDKROOT = iphoneos;
				VALIDATE_PRODUCT = YES;
			};
			name = Release;
		};
		C02927C319E825A5006AEE43 /* Debug */ = {
			isa = XCBuildConfiguration;
			buildSettings = {
				ALWAYS_SEARCH_USER_PATHS = NO;
				CLANG_CXX_LANGUAGE_STANDARD = "gnu++0x";
				CLANG_CXX_LIBRARY = "libc++";
				CLANG_ENABLE_MODULES = YES;
				CLANG_ENABLE_OBJC_ARC = YES;
				CLANG_WARN_BOOL_CONVERSION = YES;
				CLANG_WARN_CONSTANT_CONVERSION = YES;
				CLANG_WARN_DIRECT_OBJC_ISA_USAGE = YES_ERROR;
				CLANG_WARN_EMPTY_BODY = YES;
				CLANG_WARN_ENUM_CONVERSION = YES;
				CLANG_WARN_INT_CONVERSION = YES;
				CLANG_WARN_OBJC_ROOT_CLASS = YES_ERROR;
				CLANG_WARN_UNREACHABLE_CODE = YES;
				CLANG_WARN__DUPLICATE_METHOD_MATCH = YES;
				COPY_PHASE_STRIP = NO;
				ENABLE_STRICT_OBJC_MSGSEND = YES;
				FRAMEWORK_SEARCH_PATHS = (
					"$(SDKROOT)/Developer/Library/Frameworks",
					"$(inherited)",
				);
				GCC_C_LANGUAGE_STANDARD = gnu99;
				GCC_DYNAMIC_NO_PIC = NO;
				GCC_OPTIMIZATION_LEVEL = 0;
				GCC_PREPROCESSOR_DEFINITIONS = (
					"DEBUG=1",
					"$(inherited)",
				);
				GCC_SYMBOLS_PRIVATE_EXTERN = NO;
				GCC_WARN_64_TO_32_BIT_CONVERSION = YES;
				GCC_WARN_ABOUT_RETURN_TYPE = YES_ERROR;
				GCC_WARN_UNDECLARED_SELECTOR = YES;
				GCC_WARN_UNINITIALIZED_AUTOS = YES_AGGRESSIVE;
				GCC_WARN_UNUSED_FUNCTION = YES;
				GCC_WARN_UNUSED_VARIABLE = YES;
				INFOPLIST_FILE = GrowthKitTests/Info.plist;
				IPHONEOS_DEPLOYMENT_TARGET = 8.0;
				LD_RUNPATH_SEARCH_PATHS = "$(inherited) @executable_path/Frameworks @loader_path/Frameworks";
				MTL_ENABLE_DEBUG_INFO = YES;
				ONLY_ACTIVE_ARCH = YES;
				PRODUCT_NAME = "$(TARGET_NAME)";
				SDKROOT = iphoneos;
			};
			name = Debug;
		};
		C02927C419E825A5006AEE43 /* Release */ = {
			isa = XCBuildConfiguration;
			buildSettings = {
				ALWAYS_SEARCH_USER_PATHS = NO;
				CLANG_CXX_LANGUAGE_STANDARD = "gnu++0x";
				CLANG_CXX_LIBRARY = "libc++";
				CLANG_ENABLE_MODULES = YES;
				CLANG_ENABLE_OBJC_ARC = YES;
				CLANG_WARN_BOOL_CONVERSION = YES;
				CLANG_WARN_CONSTANT_CONVERSION = YES;
				CLANG_WARN_DIRECT_OBJC_ISA_USAGE = YES_ERROR;
				CLANG_WARN_EMPTY_BODY = YES;
				CLANG_WARN_ENUM_CONVERSION = YES;
				CLANG_WARN_INT_CONVERSION = YES;
				CLANG_WARN_OBJC_ROOT_CLASS = YES_ERROR;
				CLANG_WARN_UNREACHABLE_CODE = YES;
				CLANG_WARN__DUPLICATE_METHOD_MATCH = YES;
				COPY_PHASE_STRIP = YES;
				ENABLE_NS_ASSERTIONS = NO;
				ENABLE_STRICT_OBJC_MSGSEND = YES;
				FRAMEWORK_SEARCH_PATHS = (
					"$(SDKROOT)/Developer/Library/Frameworks",
					"$(inherited)",
				);
				GCC_C_LANGUAGE_STANDARD = gnu99;
				GCC_WARN_64_TO_32_BIT_CONVERSION = YES;
				GCC_WARN_ABOUT_RETURN_TYPE = YES_ERROR;
				GCC_WARN_UNDECLARED_SELECTOR = YES;
				GCC_WARN_UNINITIALIZED_AUTOS = YES_AGGRESSIVE;
				GCC_WARN_UNUSED_FUNCTION = YES;
				GCC_WARN_UNUSED_VARIABLE = YES;
				INFOPLIST_FILE = GrowthKitTests/Info.plist;
				IPHONEOS_DEPLOYMENT_TARGET = 8.0;
				LD_RUNPATH_SEARCH_PATHS = "$(inherited) @executable_path/Frameworks @loader_path/Frameworks";
				MTL_ENABLE_DEBUG_INFO = NO;
				PRODUCT_NAME = "$(TARGET_NAME)";
				SDKROOT = iphoneos;
				VALIDATE_PRODUCT = YES;
			};
			name = Release;
		};
/* End XCBuildConfiguration section */

/* Begin XCConfigurationList section */
		C029277C19E8217E006AEE43 /* Build configuration list for PBXProject "GrowthKit" */ = {
			isa = XCConfigurationList;
			buildConfigurations = (
				C029277D19E8217E006AEE43 /* Debug */,
				C029277E19E8217E006AEE43 /* Release */,
			);
			defaultConfigurationIsVisible = 0;
			defaultConfigurationName = Release;
		};
		C02927B219E823E2006AEE43 /* Build configuration list for PBXNativeTarget "DemoApp" */ = {
			isa = XCConfigurationList;
			buildConfigurations = (
				C02927B319E823E2006AEE43 /* Debug */,
				C02927B419E823E2006AEE43 /* Release */,
			);
			defaultConfigurationIsVisible = 0;
		};
		C02927C219E825A5006AEE43 /* Build configuration list for PBXNativeTarget "GrowthKitTests" */ = {
			isa = XCConfigurationList;
			buildConfigurations = (
				C02927C319E825A5006AEE43 /* Debug */,
				C02927C419E825A5006AEE43 /* Release */,
			);
			defaultConfigurationIsVisible = 0;
		};
/* End XCConfigurationList section */
	};
	rootObject = C029277919E8217E006AEE43 /* Project object */;
}
