// !$*UTF8*$!
{
	archiveVersion = 1;
	classes = {
	};
	objectVersion = 46;
	objects = {

/* Begin PBXBuildFile section */
		2B7A4228379B9D57ECBA102F /* libPods-DemoApp.a in Frameworks */ = {isa = PBXBuildFile; fileRef = 95BA8557394AD1E344016951 /* libPods-DemoApp.a */; };
		C022640A19EC3FF30087FF37 /* GRKABCollectionTests.m in Sources */ = {isa = PBXBuildFile; fileRef = C022640419EC3FF30087FF37 /* GRKABCollectionTests.m */; };
		C022640B19EC3FF30087FF37 /* GRKABTestDataFactory.m in Sources */ = {isa = PBXBuildFile; fileRef = C022640619EC3FF30087FF37 /* GRKABTestDataFactory.m */; };
		C022640C19EC3FF30087FF37 /* GRKABTestDataTests.m in Sources */ = {isa = PBXBuildFile; fileRef = C022640719EC3FF30087FF37 /* GRKABTestDataTests.m */; };
		C022640D19EC3FF30087FF37 /* GRKABPersonTests.m in Sources */ = {isa = PBXBuildFile; fileRef = C022640819EC3FF30087FF37 /* GRKABPersonTests.m */; };
		C029279719E823E2006AEE43 /* main.m in Sources */ = {isa = PBXBuildFile; fileRef = C029279619E823E2006AEE43 /* main.m */; };
		C029279A19E823E2006AEE43 /* AppDelegate.m in Sources */ = {isa = PBXBuildFile; fileRef = C029279919E823E2006AEE43 /* AppDelegate.m */; };
		C029279D19E823E2006AEE43 /* ViewController.m in Sources */ = {isa = PBXBuildFile; fileRef = C029279C19E823E2006AEE43 /* ViewController.m */; };
		C02927A219E823E2006AEE43 /* Images.xcassets in Resources */ = {isa = PBXBuildFile; fileRef = C02927A119E823E2006AEE43 /* Images.xcassets */; };
		C02927C619E827F9006AEE43 /* Main.storyboard in Resources */ = {isa = PBXBuildFile; fileRef = C02927C519E827F9006AEE43 /* Main.storyboard */; };
		C02927F319E82CF8006AEE43 /* GrowthKit.m in Sources */ = {isa = PBXBuildFile; fileRef = C02927F019E82C8D006AEE43 /* GrowthKit.m */; };
		C02927FA19E82D03006AEE43 /* GRKInvitePageViewController.m in Sources */ = {isa = PBXBuildFile; fileRef = C02927F519E82D03006AEE43 /* GRKInvitePageViewController.m */; };
		C02927FB19E82D03006AEE43 /* GRKABTableViewController.m in Sources */ = {isa = PBXBuildFile; fileRef = C02927F719E82D03006AEE43 /* GRKABTableViewController.m */; };
		C02927FC19E82D03006AEE43 /* GRKInviteMessageViewController.m in Sources */ = {isa = PBXBuildFile; fileRef = C02927F919E82D03006AEE43 /* GRKInviteMessageViewController.m */; };
		C029280419E82D0F006AEE43 /* GRKABCollection.m in Sources */ = {isa = PBXBuildFile; fileRef = C02927FF19E82D0F006AEE43 /* GRKABCollection.m */; };
		C029280519E82D0F006AEE43 /* GRKABPerson.m in Sources */ = {isa = PBXBuildFile; fileRef = C029280119E82D0F006AEE43 /* GRKABPerson.m */; };
		C029280619E82D0F006AEE43 /* GRKDisplayOptions.m in Sources */ = {isa = PBXBuildFile; fileRef = C029280319E82D0F006AEE43 /* GRKDisplayOptions.m */; };
		C029280B19E82D18006AEE43 /* GRKABPersonCell.m in Sources */ = {isa = PBXBuildFile; fileRef = C029280819E82D18006AEE43 /* GRKABPersonCell.m */; };
		C029280C19E82D18006AEE43 /* GRKInviteMessageView.m in Sources */ = {isa = PBXBuildFile; fileRef = C029280A19E82D18006AEE43 /* GRKInviteMessageView.m */; };
		C029280F19E82D21006AEE43 /* GRKNetworkManager.m in Sources */ = {isa = PBXBuildFile; fileRef = C029280E19E82D21006AEE43 /* GRKNetworkManager.m */; };
		C029281E19E82E14006AEE43 /* AddressBook.framework in Frameworks */ = {isa = PBXBuildFile; fileRef = C029281B19E82E14006AEE43 /* AddressBook.framework */; };
		C029281F19E82E14006AEE43 /* Foundation.framework in Frameworks */ = {isa = PBXBuildFile; fileRef = C029281C19E82E14006AEE43 /* Foundation.framework */; };
		C029282019E82E14006AEE43 /* UIKit.framework in Frameworks */ = {isa = PBXBuildFile; fileRef = C029281D19E82E14006AEE43 /* UIKit.framework */; };
		C029282419E83189006AEE43 /* GrowthKitTests.m in Sources */ = {isa = PBXBuildFile; fileRef = C029282319E83189006AEE43 /* GrowthKitTests.m */; };
		DF8350DD60E6B488DFCC33B1 /* libPods-GrowthKitTests.a in Frameworks */ = {isa = PBXBuildFile; fileRef = 5D1D110D19FDCF9921E21868 /* libPods-GrowthKitTests.a */; };
/* End PBXBuildFile section */

/* Begin PBXContainerItemProxy section */
		C029282119E82FC4006AEE43 /* PBXContainerItemProxy */ = {
			isa = PBXContainerItemProxy;
			containerPortal = C029277919E8217E006AEE43 /* Project object */;
			proxyType = 1;
			remoteGlobalIDString = C029279019E823E2006AEE43;
			remoteInfo = DemoApp;
		};
		C029285619E83A56006AEE43 /* PBXContainerItemProxy */ = {
			isa = PBXContainerItemProxy;
			containerPortal = C029277919E8217E006AEE43 /* Project object */;
			proxyType = 1;
			remoteGlobalIDString = C029279019E823E2006AEE43;
			remoteInfo = DemoApp;
		};
/* End PBXContainerItemProxy section */

/* Begin PBXFileReference section */
		2110DFB92C7B0700F5577B76 /* Pods-DemoApp.debug.xcconfig */ = {isa = PBXFileReference; includeInIndex = 1; lastKnownFileType = text.xcconfig; name = "Pods-DemoApp.debug.xcconfig"; path = "Pods/Target Support Files/Pods-DemoApp/Pods-DemoApp.debug.xcconfig"; sourceTree = "<group>"; };
		5D1D110D19FDCF9921E21868 /* libPods-GrowthKitTests.a */ = {isa = PBXFileReference; explicitFileType = archive.ar; includeInIndex = 0; path = "libPods-GrowthKitTests.a"; sourceTree = BUILT_PRODUCTS_DIR; };
		67DE4B21E0255868A78BD50B /* Pods-GrowthKitTests.release.xcconfig */ = {isa = PBXFileReference; includeInIndex = 1; lastKnownFileType = text.xcconfig; name = "Pods-GrowthKitTests.release.xcconfig"; path = "Pods/Target Support Files/Pods-GrowthKitTests/Pods-GrowthKitTests.release.xcconfig"; sourceTree = "<group>"; };
		8ACB3F29796B0AB7B74C3393 /* Pods-DemoApp.release.xcconfig */ = {isa = PBXFileReference; includeInIndex = 1; lastKnownFileType = text.xcconfig; name = "Pods-DemoApp.release.xcconfig"; path = "Pods/Target Support Files/Pods-DemoApp/Pods-DemoApp.release.xcconfig"; sourceTree = "<group>"; };
		8FF2F891BB968F1E433C7489 /* Pods-GrowthKitTests.debug.xcconfig */ = {isa = PBXFileReference; includeInIndex = 1; lastKnownFileType = text.xcconfig; name = "Pods-GrowthKitTests.debug.xcconfig"; path = "Pods/Target Support Files/Pods-GrowthKitTests/Pods-GrowthKitTests.debug.xcconfig"; sourceTree = "<group>"; };
		95BA8557394AD1E344016951 /* libPods-DemoApp.a */ = {isa = PBXFileReference; explicitFileType = archive.ar; includeInIndex = 0; path = "libPods-DemoApp.a"; sourceTree = BUILT_PRODUCTS_DIR; };
		C022640419EC3FF30087FF37 /* GRKABCollectionTests.m */ = {isa = PBXFileReference; fileEncoding = 4; lastKnownFileType = sourcecode.c.objc; path = GRKABCollectionTests.m; sourceTree = "<group>"; };
		C022640519EC3FF30087FF37 /* GRKABTestDataFactory.h */ = {isa = PBXFileReference; fileEncoding = 4; lastKnownFileType = sourcecode.c.h; path = GRKABTestDataFactory.h; sourceTree = "<group>"; };
		C022640619EC3FF30087FF37 /* GRKABTestDataFactory.m */ = {isa = PBXFileReference; fileEncoding = 4; lastKnownFileType = sourcecode.c.objc; path = GRKABTestDataFactory.m; sourceTree = "<group>"; };
		C022640719EC3FF30087FF37 /* GRKABTestDataTests.m */ = {isa = PBXFileReference; fileEncoding = 4; lastKnownFileType = sourcecode.c.objc; path = GRKABTestDataTests.m; sourceTree = "<group>"; };
		C022640819EC3FF30087FF37 /* GRKABPersonTests.m */ = {isa = PBXFileReference; fileEncoding = 4; lastKnownFileType = sourcecode.c.objc; path = GRKABPersonTests.m; sourceTree = "<group>"; };
		C029279119E823E2006AEE43 /* DemoApp.app */ = {isa = PBXFileReference; explicitFileType = wrapper.application; includeInIndex = 0; path = DemoApp.app; sourceTree = BUILT_PRODUCTS_DIR; };
		C029279519E823E2006AEE43 /* Info.plist */ = {isa = PBXFileReference; lastKnownFileType = text.plist.xml; path = Info.plist; sourceTree = "<group>"; };
		C029279619E823E2006AEE43 /* main.m */ = {isa = PBXFileReference; lastKnownFileType = sourcecode.c.objc; path = main.m; sourceTree = "<group>"; };
		C029279819E823E2006AEE43 /* AppDelegate.h */ = {isa = PBXFileReference; lastKnownFileType = sourcecode.c.h; path = AppDelegate.h; sourceTree = "<group>"; };
		C029279919E823E2006AEE43 /* AppDelegate.m */ = {isa = PBXFileReference; lastKnownFileType = sourcecode.c.objc; path = AppDelegate.m; sourceTree = "<group>"; };
		C029279B19E823E2006AEE43 /* ViewController.h */ = {isa = PBXFileReference; lastKnownFileType = sourcecode.c.h; path = ViewController.h; sourceTree = "<group>"; };
		C029279C19E823E2006AEE43 /* ViewController.m */ = {isa = PBXFileReference; lastKnownFileType = sourcecode.c.objc; path = ViewController.m; sourceTree = "<group>"; };
		C02927A119E823E2006AEE43 /* Images.xcassets */ = {isa = PBXFileReference; lastKnownFileType = folder.assetcatalog; path = Images.xcassets; sourceTree = "<group>"; };
		C02927BC19E825A5006AEE43 /* GrowthKitTests.xctest */ = {isa = PBXFileReference; explicitFileType = wrapper.cfbundle; includeInIndex = 0; path = GrowthKitTests.xctest; sourceTree = BUILT_PRODUCTS_DIR; };
		C02927BF19E825A5006AEE43 /* Info.plist */ = {isa = PBXFileReference; lastKnownFileType = text.plist.xml; path = Info.plist; sourceTree = "<group>"; };
		C02927C519E827F9006AEE43 /* Main.storyboard */ = {isa = PBXFileReference; fileEncoding = 4; lastKnownFileType = file.storyboard; path = Main.storyboard; sourceTree = "<group>"; };
		C02927EF19E82C8D006AEE43 /* GrowthKit.h */ = {isa = PBXFileReference; fileEncoding = 4; lastKnownFileType = sourcecode.c.h; path = GrowthKit.h; sourceTree = "<group>"; };
		C02927F019E82C8D006AEE43 /* GrowthKit.m */ = {isa = PBXFileReference; fileEncoding = 4; lastKnownFileType = sourcecode.c.objc; path = GrowthKit.m; sourceTree = "<group>"; };
		C02927F419E82D03006AEE43 /* GRKInvitePageViewController.h */ = {isa = PBXFileReference; fileEncoding = 4; lastKnownFileType = sourcecode.c.h; path = GRKInvitePageViewController.h; sourceTree = "<group>"; };
		C02927F519E82D03006AEE43 /* GRKInvitePageViewController.m */ = {isa = PBXFileReference; fileEncoding = 4; lastKnownFileType = sourcecode.c.objc; path = GRKInvitePageViewController.m; sourceTree = "<group>"; };
		C02927F619E82D03006AEE43 /* GRKABTableViewController.h */ = {isa = PBXFileReference; fileEncoding = 4; lastKnownFileType = sourcecode.c.h; path = GRKABTableViewController.h; sourceTree = "<group>"; };
		C02927F719E82D03006AEE43 /* GRKABTableViewController.m */ = {isa = PBXFileReference; fileEncoding = 4; lastKnownFileType = sourcecode.c.objc; path = GRKABTableViewController.m; sourceTree = "<group>"; };
		C02927F819E82D03006AEE43 /* GRKInviteMessageViewController.h */ = {isa = PBXFileReference; fileEncoding = 4; lastKnownFileType = sourcecode.c.h; path = GRKInviteMessageViewController.h; sourceTree = "<group>"; };
		C02927F919E82D03006AEE43 /* GRKInviteMessageViewController.m */ = {isa = PBXFileReference; fileEncoding = 4; lastKnownFileType = sourcecode.c.objc; path = GRKInviteMessageViewController.m; sourceTree = "<group>"; };
		C02927FD19E82D0F006AEE43 /* GRKABCollection.h */ = {isa = PBXFileReference; fileEncoding = 4; lastKnownFileType = sourcecode.c.h; path = GRKABCollection.h; sourceTree = "<group>"; };
		C02927FE19E82D0F006AEE43 /* GRKABCollection_Internal.h */ = {isa = PBXFileReference; fileEncoding = 4; lastKnownFileType = sourcecode.c.h; path = GRKABCollection_Internal.h; sourceTree = "<group>"; };
		C02927FF19E82D0F006AEE43 /* GRKABCollection.m */ = {isa = PBXFileReference; fileEncoding = 4; lastKnownFileType = sourcecode.c.objc; path = GRKABCollection.m; sourceTree = "<group>"; };
		C029280019E82D0F006AEE43 /* GRKABPerson.h */ = {isa = PBXFileReference; fileEncoding = 4; lastKnownFileType = sourcecode.c.h; path = GRKABPerson.h; sourceTree = "<group>"; };
		C029280119E82D0F006AEE43 /* GRKABPerson.m */ = {isa = PBXFileReference; fileEncoding = 4; lastKnownFileType = sourcecode.c.objc; path = GRKABPerson.m; sourceTree = "<group>"; };
		C029280219E82D0F006AEE43 /* GRKDisplayOptions.h */ = {isa = PBXFileReference; fileEncoding = 4; lastKnownFileType = sourcecode.c.h; path = GRKDisplayOptions.h; sourceTree = "<group>"; };
		C029280319E82D0F006AEE43 /* GRKDisplayOptions.m */ = {isa = PBXFileReference; fileEncoding = 4; lastKnownFileType = sourcecode.c.objc; path = GRKDisplayOptions.m; sourceTree = "<group>"; };
		C029280719E82D18006AEE43 /* GRKABPersonCell.h */ = {isa = PBXFileReference; fileEncoding = 4; lastKnownFileType = sourcecode.c.h; path = GRKABPersonCell.h; sourceTree = "<group>"; };
		C029280819E82D18006AEE43 /* GRKABPersonCell.m */ = {isa = PBXFileReference; fileEncoding = 4; lastKnownFileType = sourcecode.c.objc; path = GRKABPersonCell.m; sourceTree = "<group>"; };
		C029280919E82D18006AEE43 /* GRKInviteMessageView.h */ = {isa = PBXFileReference; fileEncoding = 4; lastKnownFileType = sourcecode.c.h; path = GRKInviteMessageView.h; sourceTree = "<group>"; };
		C029280A19E82D18006AEE43 /* GRKInviteMessageView.m */ = {isa = PBXFileReference; fileEncoding = 4; lastKnownFileType = sourcecode.c.objc; path = GRKInviteMessageView.m; sourceTree = "<group>"; };
		C029280D19E82D21006AEE43 /* GRKNetworkManager.h */ = {isa = PBXFileReference; fileEncoding = 4; lastKnownFileType = sourcecode.c.h; path = GRKNetworkManager.h; sourceTree = "<group>"; };
		C029280E19E82D21006AEE43 /* GRKNetworkManager.m */ = {isa = PBXFileReference; fileEncoding = 4; lastKnownFileType = sourcecode.c.objc; path = GRKNetworkManager.m; sourceTree = "<group>"; };
		C029281B19E82E14006AEE43 /* AddressBook.framework */ = {isa = PBXFileReference; lastKnownFileType = wrapper.framework; name = AddressBook.framework; path = Platforms/iPhoneOS.platform/Developer/SDKs/iPhoneOS8.0.sdk/System/Library/Frameworks/AddressBook.framework; sourceTree = DEVELOPER_DIR; };
		C029281C19E82E14006AEE43 /* Foundation.framework */ = {isa = PBXFileReference; lastKnownFileType = wrapper.framework; name = Foundation.framework; path = Platforms/iPhoneOS.platform/Developer/SDKs/iPhoneOS8.0.sdk/System/Library/Frameworks/Foundation.framework; sourceTree = DEVELOPER_DIR; };
		C029281D19E82E14006AEE43 /* UIKit.framework */ = {isa = PBXFileReference; lastKnownFileType = wrapper.framework; name = UIKit.framework; path = Platforms/iPhoneOS.platform/Developer/SDKs/iPhoneOS8.0.sdk/System/Library/Frameworks/UIKit.framework; sourceTree = DEVELOPER_DIR; };
		C029282319E83189006AEE43 /* GrowthKitTests.m */ = {isa = PBXFileReference; fileEncoding = 4; lastKnownFileType = sourcecode.c.objc; path = GrowthKitTests.m; sourceTree = "<group>"; };
/* End PBXFileReference section */

/* Begin PBXFrameworksBuildPhase section */
		C029278E19E823E2006AEE43 /* Frameworks */ = {
			isa = PBXFrameworksBuildPhase;
			buildActionMask = 2147483647;
			files = (
				C029281E19E82E14006AEE43 /* AddressBook.framework in Frameworks */,
				C029281F19E82E14006AEE43 /* Foundation.framework in Frameworks */,
				C029282019E82E14006AEE43 /* UIKit.framework in Frameworks */,
				2B7A4228379B9D57ECBA102F /* libPods-DemoApp.a in Frameworks */,
			);
			runOnlyForDeploymentPostprocessing = 0;
		};
		C02927B919E825A5006AEE43 /* Frameworks */ = {
			isa = PBXFrameworksBuildPhase;
			buildActionMask = 2147483647;
			files = (
				DF8350DD60E6B488DFCC33B1 /* libPods-GrowthKitTests.a in Frameworks */,
			);
			runOnlyForDeploymentPostprocessing = 0;
		};
/* End PBXFrameworksBuildPhase section */

/* Begin PBXGroup section */
		BAF2AC82D5D9713890E196C6 /* Frameworks */ = {
			isa = PBXGroup;
			children = (
				C029281B19E82E14006AEE43 /* AddressBook.framework */,
				C029281C19E82E14006AEE43 /* Foundation.framework */,
				C029281D19E82E14006AEE43 /* UIKit.framework */,
				95BA8557394AD1E344016951 /* libPods-DemoApp.a */,
				5D1D110D19FDCF9921E21868 /* libPods-GrowthKitTests.a */,
			);
			name = Frameworks;
			sourceTree = "<group>";
		};
		C029277819E8217E006AEE43 = {
			isa = PBXGroup;
			children = (
				C029278919E8224C006AEE43 /* GrowthKit */,
				C02927BD19E825A5006AEE43 /* GrowthKitTests */,
				C029279319E823E2006AEE43 /* DemoApp */,
				C029279219E823E2006AEE43 /* Products */,
				E2762D1EA784A69CA60162F1 /* Pods */,
				BAF2AC82D5D9713890E196C6 /* Frameworks */,
			);
			sourceTree = "<group>";
		};
		C029278919E8224C006AEE43 /* GrowthKit */ = {
			isa = PBXGroup;
			children = (
				C02927EF19E82C8D006AEE43 /* GrowthKit.h */,
				C02927F019E82C8D006AEE43 /* GrowthKit.m */,
				C02927EA19E82C24006AEE43 /* Controllers */,
				C02927ED19E82C4B006AEE43 /* Models */,
				C02927EC19E82C45006AEE43 /* Views */,
				C02927EB19E82C3F006AEE43 /* Networking */,
			);
			path = GrowthKit;
			sourceTree = "<group>";
		};
		C029279219E823E2006AEE43 /* Products */ = {
			isa = PBXGroup;
			children = (
				C029279119E823E2006AEE43 /* DemoApp.app */,
				C02927BC19E825A5006AEE43 /* GrowthKitTests.xctest */,
			);
			name = Products;
			sourceTree = "<group>";
		};
		C029279319E823E2006AEE43 /* DemoApp */ = {
			isa = PBXGroup;
			children = (
				C029279819E823E2006AEE43 /* AppDelegate.h */,
				C029279919E823E2006AEE43 /* AppDelegate.m */,
				C029279B19E823E2006AEE43 /* ViewController.h */,
				C029279C19E823E2006AEE43 /* ViewController.m */,
				C02927C519E827F9006AEE43 /* Main.storyboard */,
				C02927A119E823E2006AEE43 /* Images.xcassets */,
				C029279419E823E2006AEE43 /* Supporting Files */,
			);
			path = DemoApp;
			sourceTree = "<group>";
		};
		C029279419E823E2006AEE43 /* Supporting Files */ = {
			isa = PBXGroup;
			children = (
				C029279519E823E2006AEE43 /* Info.plist */,
				C029279619E823E2006AEE43 /* main.m */,
			);
			name = "Supporting Files";
			sourceTree = "<group>";
		};
		C02927BD19E825A5006AEE43 /* GrowthKitTests */ = {
			isa = PBXGroup;
			children = (
				C029282319E83189006AEE43 /* GrowthKitTests.m */,
				C022640419EC3FF30087FF37 /* GRKABCollectionTests.m */,
				C022640519EC3FF30087FF37 /* GRKABTestDataFactory.h */,
				C022640619EC3FF30087FF37 /* GRKABTestDataFactory.m */,
				C022640719EC3FF30087FF37 /* GRKABTestDataTests.m */,
				C022640819EC3FF30087FF37 /* GRKABPersonTests.m */,
				C02927BE19E825A5006AEE43 /* Supporting Files */,
			);
			path = GrowthKitTests;
			sourceTree = "<group>";
		};
		C02927BE19E825A5006AEE43 /* Supporting Files */ = {
			isa = PBXGroup;
			children = (
				C02927BF19E825A5006AEE43 /* Info.plist */,
			);
			name = "Supporting Files";
			sourceTree = "<group>";
		};
		C02927EA19E82C24006AEE43 /* Controllers */ = {
			isa = PBXGroup;
			children = (
				C02927F419E82D03006AEE43 /* GRKInvitePageViewController.h */,
				C02927F519E82D03006AEE43 /* GRKInvitePageViewController.m */,
				C02927F619E82D03006AEE43 /* GRKABTableViewController.h */,
				C02927F719E82D03006AEE43 /* GRKABTableViewController.m */,
				C02927F819E82D03006AEE43 /* GRKInviteMessageViewController.h */,
				C02927F919E82D03006AEE43 /* GRKInviteMessageViewController.m */,
			);
			path = Controllers;
			sourceTree = "<group>";
		};
		C02927EB19E82C3F006AEE43 /* Networking */ = {
			isa = PBXGroup;
			children = (
				C029280D19E82D21006AEE43 /* GRKNetworkManager.h */,
				C029280E19E82D21006AEE43 /* GRKNetworkManager.m */,
			);
			path = Networking;
			sourceTree = "<group>";
		};
		C02927EC19E82C45006AEE43 /* Views */ = {
			isa = PBXGroup;
			children = (
				C029280719E82D18006AEE43 /* GRKABPersonCell.h */,
				C029280819E82D18006AEE43 /* GRKABPersonCell.m */,
				C029280919E82D18006AEE43 /* GRKInviteMessageView.h */,
				C029280A19E82D18006AEE43 /* GRKInviteMessageView.m */,
			);
			path = Views;
			sourceTree = "<group>";
		};
		C02927ED19E82C4B006AEE43 /* Models */ = {
			isa = PBXGroup;
			children = (
				C02927FD19E82D0F006AEE43 /* GRKABCollection.h */,
				C02927FE19E82D0F006AEE43 /* GRKABCollection_Internal.h */,
				C02927FF19E82D0F006AEE43 /* GRKABCollection.m */,
				C029280019E82D0F006AEE43 /* GRKABPerson.h */,
				C029280119E82D0F006AEE43 /* GRKABPerson.m */,
				C029280219E82D0F006AEE43 /* GRKDisplayOptions.h */,
				C029280319E82D0F006AEE43 /* GRKDisplayOptions.m */,
			);
			path = Models;
			sourceTree = "<group>";
		};
		E2762D1EA784A69CA60162F1 /* Pods */ = {
			isa = PBXGroup;
			children = (
				2110DFB92C7B0700F5577B76 /* Pods-DemoApp.debug.xcconfig */,
				8ACB3F29796B0AB7B74C3393 /* Pods-DemoApp.release.xcconfig */,
				8FF2F891BB968F1E433C7489 /* Pods-GrowthKitTests.debug.xcconfig */,
				67DE4B21E0255868A78BD50B /* Pods-GrowthKitTests.release.xcconfig */,
			);
			name = Pods;
			sourceTree = "<group>";
		};
/* End PBXGroup section */

/* Begin PBXNativeTarget section */
		C029279019E823E2006AEE43 /* DemoApp */ = {
			isa = PBXNativeTarget;
			buildConfigurationList = C02927B219E823E2006AEE43 /* Build configuration list for PBXNativeTarget "DemoApp" */;
			buildPhases = (
				1ED63065937FA7B76A60FEB7 /* Check Pods Manifest.lock */,
				C029278D19E823E2006AEE43 /* Sources */,
				C029278E19E823E2006AEE43 /* Frameworks */,
				C029278F19E823E2006AEE43 /* Resources */,
				EBA49C9E2F860CDD81EAE5B6 /* Copy Pods Resources */,
			);
			buildRules = (
			);
			dependencies = (
			);
			name = DemoApp;
			productName = DemoApp;
			productReference = C029279119E823E2006AEE43 /* DemoApp.app */;
			productType = "com.apple.product-type.application";
		};
		C02927BB19E825A5006AEE43 /* GrowthKitTests */ = {
			isa = PBXNativeTarget;
			buildConfigurationList = C02927C219E825A5006AEE43 /* Build configuration list for PBXNativeTarget "GrowthKitTests" */;
			buildPhases = (
				17DCF4C2DE620D77E92CCDD1 /* Check Pods Manifest.lock */,
				C02927B819E825A5006AEE43 /* Sources */,
				C02927B919E825A5006AEE43 /* Frameworks */,
				C02927BA19E825A5006AEE43 /* Resources */,
				925AE1ED72E96F8F8EC069E7 /* Copy Pods Resources */,
			);
			buildRules = (
			);
			dependencies = (
				C029282219E82FC4006AEE43 /* PBXTargetDependency */,
				C029285719E83A56006AEE43 /* PBXTargetDependency */,
			);
			name = GrowthKitTests;
			productName = GrowthKitTests;
			productReference = C02927BC19E825A5006AEE43 /* GrowthKitTests.xctest */;
			productType = "com.apple.product-type.bundle.unit-test";
		};
/* End PBXNativeTarget section */

/* Begin PBXProject section */
		C029277919E8217E006AEE43 /* Project object */ = {
			isa = PBXProject;
			attributes = {
				LastUpgradeCheck = 0600;
				TargetAttributes = {
					C029279019E823E2006AEE43 = {
						CreatedOnToolsVersion = 6.0.1;
					};
					C02927BB19E825A5006AEE43 = {
						CreatedOnToolsVersion = 6.0.1;
						TestTargetID = C029279019E823E2006AEE43;
					};
				};
			};
			buildConfigurationList = C029277C19E8217E006AEE43 /* Build configuration list for PBXProject "GrowthKit" */;
			compatibilityVersion = "Xcode 3.2";
			developmentRegion = English;
			hasScannedForEncodings = 0;
			knownRegions = (
				en,
				Base,
			);
			mainGroup = C029277819E8217E006AEE43;
			productRefGroup = C029279219E823E2006AEE43 /* Products */;
			projectDirPath = "";
			projectRoot = "";
			targets = (
				C029279019E823E2006AEE43 /* DemoApp */,
				C02927BB19E825A5006AEE43 /* GrowthKitTests */,
			);
		};
/* End PBXProject section */

/* Begin PBXResourcesBuildPhase section */
		C029278F19E823E2006AEE43 /* Resources */ = {
			isa = PBXResourcesBuildPhase;
			buildActionMask = 2147483647;
			files = (
				C02927A219E823E2006AEE43 /* Images.xcassets in Resources */,
				C02927C619E827F9006AEE43 /* Main.storyboard in Resources */,
			);
			runOnlyForDeploymentPostprocessing = 0;
		};
		C02927BA19E825A5006AEE43 /* Resources */ = {
			isa = PBXResourcesBuildPhase;
			buildActionMask = 2147483647;
			files = (
			);
			runOnlyForDeploymentPostprocessing = 0;
		};
/* End PBXResourcesBuildPhase section */

/* Begin PBXShellScriptBuildPhase section */
		17DCF4C2DE620D77E92CCDD1 /* Check Pods Manifest.lock */ = {
			isa = PBXShellScriptBuildPhase;
			buildActionMask = 2147483647;
			files = (
			);
			inputPaths = (
			);
			name = "Check Pods Manifest.lock";
			outputPaths = (
			);
			runOnlyForDeploymentPostprocessing = 0;
			shellPath = /bin/sh;
			shellScript = "diff \"${PODS_ROOT}/../Podfile.lock\" \"${PODS_ROOT}/Manifest.lock\" > /dev/null\nif [[ $? != 0 ]] ; then\n    cat << EOM\nerror: The sandbox is not in sync with the Podfile.lock. Run 'pod install' or update your CocoaPods installation.\nEOM\n    exit 1\nfi\n";
			showEnvVarsInLog = 0;
		};
		1ED63065937FA7B76A60FEB7 /* Check Pods Manifest.lock */ = {
			isa = PBXShellScriptBuildPhase;
			buildActionMask = 2147483647;
			files = (
			);
			inputPaths = (
			);
			name = "Check Pods Manifest.lock";
			outputPaths = (
			);
			runOnlyForDeploymentPostprocessing = 0;
			shellPath = /bin/sh;
			shellScript = "diff \"${PODS_ROOT}/../Podfile.lock\" \"${PODS_ROOT}/Manifest.lock\" > /dev/null\nif [[ $? != 0 ]] ; then\n    cat << EOM\nerror: The sandbox is not in sync with the Podfile.lock. Run 'pod install' or update your CocoaPods installation.\nEOM\n    exit 1\nfi\n";
			showEnvVarsInLog = 0;
		};
		925AE1ED72E96F8F8EC069E7 /* Copy Pods Resources */ = {
			isa = PBXShellScriptBuildPhase;
			buildActionMask = 2147483647;
			files = (
			);
			inputPaths = (
			);
			name = "Copy Pods Resources";
			outputPaths = (
			);
			runOnlyForDeploymentPostprocessing = 0;
			shellPath = /bin/sh;
			shellScript = "\"${SRCROOT}/Pods/Target Support Files/Pods-GrowthKitTests/Pods-GrowthKitTests-resources.sh\"\n";
			showEnvVarsInLog = 0;
		};
		EBA49C9E2F860CDD81EAE5B6 /* Copy Pods Resources */ = {
			isa = PBXShellScriptBuildPhase;
			buildActionMask = 2147483647;
			files = (
			);
			inputPaths = (
			);
			name = "Copy Pods Resources";
			outputPaths = (
			);
			runOnlyForDeploymentPostprocessing = 0;
			shellPath = /bin/sh;
			shellScript = "\"${SRCROOT}/Pods/Target Support Files/Pods-DemoApp/Pods-DemoApp-resources.sh\"\n";
			showEnvVarsInLog = 0;
		};
/* End PBXShellScriptBuildPhase section */

/* Begin PBXSourcesBuildPhase section */
		C029278D19E823E2006AEE43 /* Sources */ = {
			isa = PBXSourcesBuildPhase;
			buildActionMask = 2147483647;
			files = (
				C02927FC19E82D03006AEE43 /* GRKInviteMessageViewController.m in Sources */,
				C029279D19E823E2006AEE43 /* ViewController.m in Sources */,
				C029280B19E82D18006AEE43 /* GRKABPersonCell.m in Sources */,
				C02927FB19E82D03006AEE43 /* GRKABTableViewController.m in Sources */,
				C02927F319E82CF8006AEE43 /* GrowthKit.m in Sources */,
				C029279A19E823E2006AEE43 /* AppDelegate.m in Sources */,
				C02927FA19E82D03006AEE43 /* GRKInvitePageViewController.m in Sources */,
				C029280619E82D0F006AEE43 /* GRKDisplayOptions.m in Sources */,
				C029280F19E82D21006AEE43 /* GRKNetworkManager.m in Sources */,
				C029280C19E82D18006AEE43 /* GRKInviteMessageView.m in Sources */,
				C029280519E82D0F006AEE43 /* GRKABPerson.m in Sources */,
				C029279719E823E2006AEE43 /* main.m in Sources */,
				C029280419E82D0F006AEE43 /* GRKABCollection.m in Sources */,
			);
			runOnlyForDeploymentPostprocessing = 0;
		};
		C02927B819E825A5006AEE43 /* Sources */ = {
			isa = PBXSourcesBuildPhase;
			buildActionMask = 2147483647;
			files = (
				C029282419E83189006AEE43 /* GrowthKitTests.m in Sources */,
				C022640D19EC3FF30087FF37 /* GRKABPersonTests.m in Sources */,
				C022640B19EC3FF30087FF37 /* GRKABTestDataFactory.m in Sources */,
				C022640A19EC3FF30087FF37 /* GRKABCollectionTests.m in Sources */,
				C022640C19EC3FF30087FF37 /* GRKABTestDataTests.m in Sources */,
			);
			runOnlyForDeploymentPostprocessing = 0;
		};
/* End PBXSourcesBuildPhase section */

/* Begin PBXTargetDependency section */
		C029282219E82FC4006AEE43 /* PBXTargetDependency */ = {
			isa = PBXTargetDependency;
			target = C029279019E823E2006AEE43 /* DemoApp */;
			targetProxy = C029282119E82FC4006AEE43 /* PBXContainerItemProxy */;
		};
		C029285719E83A56006AEE43 /* PBXTargetDependency */ = {
			isa = PBXTargetDependency;
			target = C029279019E823E2006AEE43 /* DemoApp */;
			targetProxy = C029285619E83A56006AEE43 /* PBXContainerItemProxy */;
		};
/* End PBXTargetDependency section */

/* Begin XCBuildConfiguration section */
		C029277D19E8217E006AEE43 /* Debug */ = {
			isa = XCBuildConfiguration;
			buildSettings = {
			};
			name = Debug;
		};
		C029277E19E8217E006AEE43 /* Release */ = {
			isa = XCBuildConfiguration;
			buildSettings = {
			};
			name = Release;
		};
		C02927B319E823E2006AEE43 /* Debug */ = {
			isa = XCBuildConfiguration;
			baseConfigurationReference = 2110DFB92C7B0700F5577B76 /* Pods-DemoApp.debug.xcconfig */;
			buildSettings = {
				ALWAYS_SEARCH_USER_PATHS = NO;
				ASSETCATALOG_COMPILER_APPICON_NAME = AppIcon;
				CLANG_CXX_LANGUAGE_STANDARD = "gnu++0x";
				CLANG_CXX_LIBRARY = "libc++";
				CLANG_ENABLE_MODULES = YES;
				CLANG_ENABLE_OBJC_ARC = YES;
				CLANG_WARN_BOOL_CONVERSION = YES;
				CLANG_WARN_CONSTANT_CONVERSION = YES;
				CLANG_WARN_DIRECT_OBJC_ISA_USAGE = YES_ERROR;
				CLANG_WARN_EMPTY_BODY = YES;
				CLANG_WARN_ENUM_CONVERSION = YES;
				CLANG_WARN_INT_CONVERSION = YES;
				CLANG_WARN_OBJC_ROOT_CLASS = YES_ERROR;
				CLANG_WARN_UNREACHABLE_CODE = YES;
				CLANG_WARN__DUPLICATE_METHOD_MATCH = YES;
				"CODE_SIGN_IDENTITY[sdk=iphoneos*]" = "iPhone Developer";
				COPY_PHASE_STRIP = NO;
				ENABLE_STRICT_OBJC_MSGSEND = YES;
				GCC_C_LANGUAGE_STANDARD = gnu99;
				GCC_DYNAMIC_NO_PIC = NO;
				GCC_OPTIMIZATION_LEVEL = 0;
				GCC_PREPROCESSOR_DEFINITIONS = (
					"DEBUG=1",
					"$(inherited)",
				);
				GCC_SYMBOLS_PRIVATE_EXTERN = NO;
				GCC_WARN_64_TO_32_BIT_CONVERSION = YES;
				GCC_WARN_ABOUT_RETURN_TYPE = YES_ERROR;
				GCC_WARN_UNDECLARED_SELECTOR = YES;
				GCC_WARN_UNINITIALIZED_AUTOS = YES_AGGRESSIVE;
				GCC_WARN_UNUSED_FUNCTION = YES;
				GCC_WARN_UNUSED_VARIABLE = YES;
				INFOPLIST_FILE = DemoApp/Info.plist;
				IPHONEOS_DEPLOYMENT_TARGET = 8.0;
				LD_RUNPATH_SEARCH_PATHS = "$(inherited) @executable_path/Frameworks";
				MTL_ENABLE_DEBUG_INFO = YES;
				ONLY_ACTIVE_ARCH = YES;
				PRODUCT_NAME = "$(TARGET_NAME)";
				SDKROOT = iphoneos;
			};
			name = Debug;
		};
		C02927B419E823E2006AEE43 /* Release */ = {
			isa = XCBuildConfiguration;
			baseConfigurationReference = 8ACB3F29796B0AB7B74C3393 /* Pods-DemoApp.release.xcconfig */;
			buildSettings = {
				ALWAYS_SEARCH_USER_PATHS = NO;
				ASSETCATALOG_COMPILER_APPICON_NAME = AppIcon;
				CLANG_CXX_LANGUAGE_STANDARD = "gnu++0x";
				CLANG_CXX_LIBRARY = "libc++";
				CLANG_ENABLE_MODULES = YES;
				CLANG_ENABLE_OBJC_ARC = YES;
				CLANG_WARN_BOOL_CONVERSION = YES;
				CLANG_WARN_CONSTANT_CONVERSION = YES;
				CLANG_WARN_DIRECT_OBJC_ISA_USAGE = YES_ERROR;
				CLANG_WARN_EMPTY_BODY = YES;
				CLANG_WARN_ENUM_CONVERSION = YES;
				CLANG_WARN_INT_CONVERSION = YES;
				CLANG_WARN_OBJC_ROOT_CLASS = YES_ERROR;
				CLANG_WARN_UNREACHABLE_CODE = YES;
				CLANG_WARN__DUPLICATE_METHOD_MATCH = YES;
				"CODE_SIGN_IDENTITY[sdk=iphoneos*]" = "iPhone Developer";
				COPY_PHASE_STRIP = YES;
				ENABLE_NS_ASSERTIONS = NO;
				ENABLE_STRICT_OBJC_MSGSEND = YES;
				GCC_C_LANGUAGE_STANDARD = gnu99;
				GCC_WARN_64_TO_32_BIT_CONVERSION = YES;
				GCC_WARN_ABOUT_RETURN_TYPE = YES_ERROR;
				GCC_WARN_UNDECLARED_SELECTOR = YES;
				GCC_WARN_UNINITIALIZED_AUTOS = YES_AGGRESSIVE;
				GCC_WARN_UNUSED_FUNCTION = YES;
				GCC_WARN_UNUSED_VARIABLE = YES;
				INFOPLIST_FILE = DemoApp/Info.plist;
				IPHONEOS_DEPLOYMENT_TARGET = 8.0;
				LD_RUNPATH_SEARCH_PATHS = "$(inherited) @executable_path/Frameworks";
				MTL_ENABLE_DEBUG_INFO = NO;
				PRODUCT_NAME = "$(TARGET_NAME)";
				SDKROOT = iphoneos;
				VALIDATE_PRODUCT = YES;
			};
			name = Release;
		};
		C02927C319E825A5006AEE43 /* Debug */ = {
			isa = XCBuildConfiguration;
			baseConfigurationReference = 8FF2F891BB968F1E433C7489 /* Pods-GrowthKitTests.debug.xcconfig */;
			buildSettings = {
				ALWAYS_SEARCH_USER_PATHS = YES;
				BUNDLE_LOADER = "$(TEST_HOST)";
				CLANG_CXX_LANGUAGE_STANDARD = "gnu++0x";
				CLANG_CXX_LIBRARY = "libc++";
				CLANG_ENABLE_MODULES = YES;
				CLANG_ENABLE_OBJC_ARC = YES;
				CLANG_WARN_BOOL_CONVERSION = YES;
				CLANG_WARN_CONSTANT_CONVERSION = YES;
				CLANG_WARN_DIRECT_OBJC_ISA_USAGE = YES_ERROR;
				CLANG_WARN_EMPTY_BODY = YES;
				CLANG_WARN_ENUM_CONVERSION = YES;
				CLANG_WARN_INT_CONVERSION = YES;
				CLANG_WARN_OBJC_ROOT_CLASS = YES_ERROR;
				CLANG_WARN_UNREACHABLE_CODE = YES;
				CLANG_WARN__DUPLICATE_METHOD_MATCH = YES;
				COPY_PHASE_STRIP = NO;
				ENABLE_STRICT_OBJC_MSGSEND = YES;
				FRAMEWORK_SEARCH_PATHS = (
					"$(SDKROOT)/Developer/Library/Frameworks",
					"$(inherited)",
				);
				GCC_C_LANGUAGE_STANDARD = gnu99;
				GCC_DYNAMIC_NO_PIC = NO;
				GCC_OPTIMIZATION_LEVEL = 0;
				GCC_PREPROCESSOR_DEFINITIONS = (
					"DEBUG=1",
					"$(inherited)",
				);
				GCC_SYMBOLS_PRIVATE_EXTERN = NO;
				GCC_WARN_64_TO_32_BIT_CONVERSION = YES;
				GCC_WARN_ABOUT_RETURN_TYPE = YES_ERROR;
				GCC_WARN_UNDECLARED_SELECTOR = YES;
				GCC_WARN_UNINITIALIZED_AUTOS = YES_AGGRESSIVE;
				GCC_WARN_UNUSED_FUNCTION = YES;
				GCC_WARN_UNUSED_VARIABLE = YES;
				INFOPLIST_FILE = GrowthKitTests/Info.plist;
				IPHONEOS_DEPLOYMENT_TARGET = 8.0;
				LD_RUNPATH_SEARCH_PATHS = "$(inherited) @executable_path/Frameworks @loader_path/Frameworks";
				MTL_ENABLE_DEBUG_INFO = YES;
				ONLY_ACTIVE_ARCH = YES;
				PRODUCT_NAME = "$(TARGET_NAME)";
				SDKROOT = iphoneos;
				TEST_HOST = "$(BUILT_PRODUCTS_DIR)/DemoApp.app/DemoApp";
			};
			name = Debug;
		};
		C02927C419E825A5006AEE43 /* Release */ = {
			isa = XCBuildConfiguration;
			baseConfigurationReference = 67DE4B21E0255868A78BD50B /* Pods-GrowthKitTests.release.xcconfig */;
			buildSettings = {
				ALWAYS_SEARCH_USER_PATHS = YES;
				BUNDLE_LOADER = "$(TEST_HOST)";
				CLANG_CXX_LANGUAGE_STANDARD = "gnu++0x";
				CLANG_CXX_LIBRARY = "libc++";
				CLANG_ENABLE_MODULES = YES;
				CLANG_ENABLE_OBJC_ARC = YES;
				CLANG_WARN_BOOL_CONVERSION = YES;
				CLANG_WARN_CONSTANT_CONVERSION = YES;
				CLANG_WARN_DIRECT_OBJC_ISA_USAGE = YES_ERROR;
				CLANG_WARN_EMPTY_BODY = YES;
				CLANG_WARN_ENUM_CONVERSION = YES;
				CLANG_WARN_INT_CONVERSION = YES;
				CLANG_WARN_OBJC_ROOT_CLASS = YES_ERROR;
				CLANG_WARN_UNREACHABLE_CODE = YES;
				CLANG_WARN__DUPLICATE_METHOD_MATCH = YES;
				COPY_PHASE_STRIP = YES;
				ENABLE_NS_ASSERTIONS = NO;
				ENABLE_STRICT_OBJC_MSGSEND = YES;
				FRAMEWORK_SEARCH_PATHS = (
					"$(SDKROOT)/Developer/Library/Frameworks",
					"$(inherited)",
				);
				GCC_C_LANGUAGE_STANDARD = gnu99;
				GCC_WARN_64_TO_32_BIT_CONVERSION = YES;
				GCC_WARN_ABOUT_RETURN_TYPE = YES_ERROR;
				GCC_WARN_UNDECLARED_SELECTOR = YES;
				GCC_WARN_UNINITIALIZED_AUTOS = YES_AGGRESSIVE;
				GCC_WARN_UNUSED_FUNCTION = YES;
				GCC_WARN_UNUSED_VARIABLE = YES;
				INFOPLIST_FILE = GrowthKitTests/Info.plist;
				IPHONEOS_DEPLOYMENT_TARGET = 8.0;
				LD_RUNPATH_SEARCH_PATHS = "$(inherited) @executable_path/Frameworks @loader_path/Frameworks";
				MTL_ENABLE_DEBUG_INFO = NO;
				PRODUCT_NAME = "$(TARGET_NAME)";
				SDKROOT = iphoneos;
				TEST_HOST = "$(BUILT_PRODUCTS_DIR)/DemoApp.app/DemoApp";
				VALIDATE_PRODUCT = YES;
			};
			name = Release;
		};
/* End XCBuildConfiguration section */

/* Begin XCConfigurationList section */
		C029277C19E8217E006AEE43 /* Build configuration list for PBXProject "GrowthKit" */ = {
			isa = XCConfigurationList;
			buildConfigurations = (
				C029277D19E8217E006AEE43 /* Debug */,
				C029277E19E8217E006AEE43 /* Release */,
			);
			defaultConfigurationIsVisible = 0;
			defaultConfigurationName = Release;
		};
		C02927B219E823E2006AEE43 /* Build configuration list for PBXNativeTarget "DemoApp" */ = {
			isa = XCConfigurationList;
			buildConfigurations = (
				C02927B319E823E2006AEE43 /* Debug */,
				C02927B419E823E2006AEE43 /* Release */,
			);
			defaultConfigurationIsVisible = 0;
			defaultConfigurationName = Release;
		};
		C02927C219E825A5006AEE43 /* Build configuration list for PBXNativeTarget "GrowthKitTests" */ = {
			isa = XCConfigurationList;
			buildConfigurations = (
				C02927C319E825A5006AEE43 /* Debug */,
				C02927C419E825A5006AEE43 /* Release */,
			);
			defaultConfigurationIsVisible = 0;
			defaultConfigurationName = Release;
		};
/* End XCConfigurationList section */
	};
	rootObject = C029277919E8217E006AEE43 /* Project object */;
}
