// !$*UTF8*$!
{
	archiveVersion = 1;
	classes = {
	};
	objectVersion = 46;
	objects = {

/* Begin PBXGroup section */
		C029277819E8217E006AEE43 = {
			isa = PBXGroup;
			children = (
				C029278919E8224C006AEE43 /* GrowthKit */,
				C029278A19E82252006AEE43 /* GrowthKitTests */,
				C029278C19E82299006AEE43 /* DemoApp */,
			);
			sourceTree = "<group>";
		};
		C029278919E8224C006AEE43 /* GrowthKit */ = {
			isa = PBXGroup;
			children = (
			);
			name = GrowthKit;
			sourceTree = "<group>";
		};
		C029278A19E82252006AEE43 /* GrowthKitTests */ = {
			isa = PBXGroup;
			children = (
			);
			name = GrowthKitTests;
			sourceTree = "<group>";
		};
		C029278C19E82299006AEE43 /* DemoApp */ = {
			isa = PBXGroup;
			children = (
			);
			name = DemoApp;
			sourceTree = "<group>";
		};
/* End PBXGroup section */

/* Begin PBXProject section */
		C029277919E8217E006AEE43 /* Project object */ = {
			isa = PBXProject;
			attributes = {
				LastUpgradeCheck = 0600;
			};
			buildConfigurationList = C029277C19E8217E006AEE43 /* Build configuration list for PBXProject "GrowthKit" */;
			compatibilityVersion = "Xcode 3.2";
			developmentRegion = English;
			hasScannedForEncodings = 0;
			knownRegions = (
				en,
			);
			mainGroup = C029277819E8217E006AEE43;
			projectDirPath = "";
			projectRoot = "";
			targets = (
			);
		};
/* End PBXProject section */

/* Begin XCBuildConfiguration section */
		C029277D19E8217E006AEE43 /* Debug */ = {
			isa = XCBuildConfiguration;
			buildSettings = {
			};
			name = Debug;
		};
		C029277E19E8217E006AEE43 /* Release */ = {
			isa = XCBuildConfiguration;
			buildSettings = {
			};
			name = Release;
		};
/* End XCBuildConfiguration section */

/* Begin XCConfigurationList section */
		C029277C19E8217E006AEE43 /* Build configuration list for PBXProject "GrowthKit" */ = {
			isa = XCConfigurationList;
			buildConfigurations = (
				C029277D19E8217E006AEE43 /* Debug */,
				C029277E19E8217E006AEE43 /* Release */,
			);
			defaultConfigurationIsVisible = 0;
			defaultConfigurationName = Release;
		};
/* End XCConfigurationList section */
	};
	rootObject = C029277919E8217E006AEE43 /* Project object */;
}
